
Microsoft Visual Studio Solution File, Format Version 12.00
# Visual Studio Version 17
VisualStudioVersion = 17.9.34607.119
MinimumVisualStudioVersion = 10.0.40219.1
Project("{8BC9CEB8-8B4A-11D0-8D11-00A0C91BC942}") = "Intro", "Labs-OOP\Labs-OOP.vcxproj", "{C27B5BC9-5C0B-42F3-8632-B16692689213}"
EndProject
Project("{8BC9CEB8-8B4A-11D0-8D11-00A0C91BC942}") = "Lab2", "Lab2\Lab2.vcxproj", "{902B4A38-50A0-424B-8E40-9C3348DE6A84}"
EndProject
Project("{8BC9CEB8-8B4A-11D0-8D11-00A0C91BC942}") = "Lab3", "Lab3\Lab3.vcxproj", "{436A1825-2212-4523-869D-56D850053A6F}"
EndProject
Project("{8BC9CEB8-8B4A-11D0-8D11-00A0C91BC942}") = "Lab4", "Lab4\Lab4.vcxproj", "{FAF93544-69D1-483B-A81B-EEC2523891EE}"
EndProject
Project("{8BC9CEB8-8B4A-11D0-8D11-00A0C91BC942}") = "Lab5", "Lab5\Lab5.vcxproj", "{F364E3F7-0F9D-4EE5-B186-EFD5B369D077}"
EndProject
Project("{8BC9CEB8-8B4A-11D0-8D11-00A0C91BC942}") = "Lab6", "Lab6\Lab6.vcxproj", "{6CAA5BE3-E6EF-45C1-BE41-128843148995}"
EndProject
Project("{8BC9CEB8-8B4A-11D0-8D11-00A0C91BC942}") = "Lab7", "Lab7\Lab7.vcxproj", "{C77DF000-2049-4EBA-BC29-FF3B3D4B5E32}"
EndProject
Project("{8BC9CEB8-8B4A-11D0-8D11-00A0C91BC942}") = "FunctionLibrary", "FunctionLibrary\FunctionLibrary.vcxproj", "{0069FC43-239A-48C2-9567-D2696758A462}"
EndProject
Project("{8BC9CEB8-8B4A-11D0-8D11-00A0C91BC942}") = "Lab8", "Lab8\Lab8.vcxproj", "{36BCCE94-9758-4939-88D6-1F2E303BE66B}"
EndProject
Project("{8BC9CEB8-8B4A-11D0-8D11-00A0C91BC942}") = "Lab8(1)", "Lab8(1)\Lab8(1).vcxproj", "{86EAEFF0-B226-40BE-9A6A-C6729FFF1052}"
EndProject
Project("{FAE04EC0-301F-11D3-BF4B-00C04F79EFBC}") = "MathLibrary", "MathLibrary\MathLibrary.csproj", "{82309B2C-D209-41FC-B6E6-E7563E9521B4}"
EndProject
Global
	GlobalSection(SolutionConfigurationPlatforms) = preSolution
		Debug|Any CPU = Debug|Any CPU
		Debug|x64 = Debug|x64
		Debug|x86 = Debug|x86
		Release|Any CPU = Release|Any CPU
		Release|x64 = Release|x64
		Release|x86 = Release|x86
	EndGlobalSection
	GlobalSection(ProjectConfigurationPlatforms) = postSolution
		{C27B5BC9-5C0B-42F3-8632-B16692689213}.Debug|Any CPU.ActiveCfg = Debug|x64
		{C27B5BC9-5C0B-42F3-8632-B16692689213}.Debug|Any CPU.Build.0 = Debug|x64
		{C27B5BC9-5C0B-42F3-8632-B16692689213}.Debug|x64.ActiveCfg = Debug|x64
		{C27B5BC9-5C0B-42F3-8632-B16692689213}.Debug|x64.Build.0 = Debug|x64
		{C27B5BC9-5C0B-42F3-8632-B16692689213}.Debug|x86.ActiveCfg = Debug|Win32
		{C27B5BC9-5C0B-42F3-8632-B16692689213}.Debug|x86.Build.0 = Debug|Win32
		{C27B5BC9-5C0B-42F3-8632-B16692689213}.Release|Any CPU.ActiveCfg = Release|x64
		{C27B5BC9-5C0B-42F3-8632-B16692689213}.Release|Any CPU.Build.0 = Release|x64
		{C27B5BC9-5C0B-42F3-8632-B16692689213}.Release|x64.ActiveCfg = Release|x64
		{C27B5BC9-5C0B-42F3-8632-B16692689213}.Release|x64.Build.0 = Release|x64
		{C27B5BC9-5C0B-42F3-8632-B16692689213}.Release|x86.ActiveCfg = Release|Win32
		{C27B5BC9-5C0B-42F3-8632-B16692689213}.Release|x86.Build.0 = Release|Win32
		{902B4A38-50A0-424B-8E40-9C3348DE6A84}.Debug|Any CPU.ActiveCfg = Debug|x64
		{902B4A38-50A0-424B-8E40-9C3348DE6A84}.Debug|Any CPU.Build.0 = Debug|x64
		{902B4A38-50A0-424B-8E40-9C3348DE6A84}.Debug|x64.ActiveCfg = Debug|x64
		{902B4A38-50A0-424B-8E40-9C3348DE6A84}.Debug|x64.Build.0 = Debug|x64
		{902B4A38-50A0-424B-8E40-9C3348DE6A84}.Debug|x86.ActiveCfg = Debug|Win32
		{902B4A38-50A0-424B-8E40-9C3348DE6A84}.Debug|x86.Build.0 = Debug|Win32
		{902B4A38-50A0-424B-8E40-9C3348DE6A84}.Release|Any CPU.ActiveCfg = Release|x64
		{902B4A38-50A0-424B-8E40-9C3348DE6A84}.Release|Any CPU.Build.0 = Release|x64
		{902B4A38-50A0-424B-8E40-9C3348DE6A84}.Release|x64.ActiveCfg = Release|x64
		{902B4A38-50A0-424B-8E40-9C3348DE6A84}.Release|x64.Build.0 = Release|x64
		{902B4A38-50A0-424B-8E40-9C3348DE6A84}.Release|x86.ActiveCfg = Release|Win32
		{902B4A38-50A0-424B-8E40-9C3348DE6A84}.Release|x86.Build.0 = Release|Win32
		{436A1825-2212-4523-869D-56D850053A6F}.Debug|Any CPU.ActiveCfg = Debug|x64
		{436A1825-2212-4523-869D-56D850053A6F}.Debug|Any CPU.Build.0 = Debug|x64
		{436A1825-2212-4523-869D-56D850053A6F}.Debug|x64.ActiveCfg = Debug|x64
		{436A1825-2212-4523-869D-56D850053A6F}.Debug|x64.Build.0 = Debug|x64
		{436A1825-2212-4523-869D-56D850053A6F}.Debug|x86.ActiveCfg = Debug|Win32
		{436A1825-2212-4523-869D-56D850053A6F}.Debug|x86.Build.0 = Debug|Win32
		{436A1825-2212-4523-869D-56D850053A6F}.Release|Any CPU.ActiveCfg = Release|x64
		{436A1825-2212-4523-869D-56D850053A6F}.Release|Any CPU.Build.0 = Release|x64
		{436A1825-2212-4523-869D-56D850053A6F}.Release|x64.ActiveCfg = Release|x64
		{436A1825-2212-4523-869D-56D850053A6F}.Release|x64.Build.0 = Release|x64
		{436A1825-2212-4523-869D-56D850053A6F}.Release|x86.ActiveCfg = Release|Win32
		{436A1825-2212-4523-869D-56D850053A6F}.Release|x86.Build.0 = Release|Win32
		{FAF93544-69D1-483B-A81B-EEC2523891EE}.Debug|Any CPU.ActiveCfg = Debug|x64
		{FAF93544-69D1-483B-A81B-EEC2523891EE}.Debug|Any CPU.Build.0 = Debug|x64
		{FAF93544-69D1-483B-A81B-EEC2523891EE}.Debug|x64.ActiveCfg = Debug|x64
		{FAF93544-69D1-483B-A81B-EEC2523891EE}.Debug|x64.Build.0 = Debug|x64
		{FAF93544-69D1-483B-A81B-EEC2523891EE}.Debug|x86.ActiveCfg = Debug|Win32
		{FAF93544-69D1-483B-A81B-EEC2523891EE}.Debug|x86.Build.0 = Debug|Win32
		{FAF93544-69D1-483B-A81B-EEC2523891EE}.Release|Any CPU.ActiveCfg = Release|x64
		{FAF93544-69D1-483B-A81B-EEC2523891EE}.Release|Any CPU.Build.0 = Release|x64
		{FAF93544-69D1-483B-A81B-EEC2523891EE}.Release|x64.ActiveCfg = Release|x64
		{FAF93544-69D1-483B-A81B-EEC2523891EE}.Release|x64.Build.0 = Release|x64
		{FAF93544-69D1-483B-A81B-EEC2523891EE}.Release|x86.ActiveCfg = Release|Win32
		{FAF93544-69D1-483B-A81B-EEC2523891EE}.Release|x86.Build.0 = Release|Win32
		{F364E3F7-0F9D-4EE5-B186-EFD5B369D077}.Debug|Any CPU.ActiveCfg = Debug|x64
		{F364E3F7-0F9D-4EE5-B186-EFD5B369D077}.Debug|Any CPU.Build.0 = Debug|x64
		{F364E3F7-0F9D-4EE5-B186-EFD5B369D077}.Debug|x64.ActiveCfg = Debug|x64
		{F364E3F7-0F9D-4EE5-B186-EFD5B369D077}.Debug|x64.Build.0 = Debug|x64
		{F364E3F7-0F9D-4EE5-B186-EFD5B369D077}.Debug|x86.ActiveCfg = Debug|Win32
		{F364E3F7-0F9D-4EE5-B186-EFD5B369D077}.Debug|x86.Build.0 = Debug|Win32
		{F364E3F7-0F9D-4EE5-B186-EFD5B369D077}.Release|Any CPU.ActiveCfg = Release|x64
		{F364E3F7-0F9D-4EE5-B186-EFD5B369D077}.Release|Any CPU.Build.0 = Release|x64
		{F364E3F7-0F9D-4EE5-B186-EFD5B369D077}.Release|x64.ActiveCfg = Release|x64
		{F364E3F7-0F9D-4EE5-B186-EFD5B369D077}.Release|x64.Build.0 = Release|x64
		{F364E3F7-0F9D-4EE5-B186-EFD5B369D077}.Release|x86.ActiveCfg = Release|Win32
		{F364E3F7-0F9D-4EE5-B186-EFD5B369D077}.Release|x86.Build.0 = Release|Win32
		{6CAA5BE3-E6EF-45C1-BE41-128843148995}.Debug|Any CPU.ActiveCfg = Debug|x64
		{6CAA5BE3-E6EF-45C1-BE41-128843148995}.Debug|Any CPU.Build.0 = Debug|x64
		{6CAA5BE3-E6EF-45C1-BE41-128843148995}.Debug|x64.ActiveCfg = Debug|x64
		{6CAA5BE3-E6EF-45C1-BE41-128843148995}.Debug|x64.Build.0 = Debug|x64
		{6CAA5BE3-E6EF-45C1-BE41-128843148995}.Debug|x86.ActiveCfg = Debug|Win32
		{6CAA5BE3-E6EF-45C1-BE41-128843148995}.Debug|x86.Build.0 = Debug|Win32
		{6CAA5BE3-E6EF-45C1-BE41-128843148995}.Release|Any CPU.ActiveCfg = Release|x64
		{6CAA5BE3-E6EF-45C1-BE41-128843148995}.Release|Any CPU.Build.0 = Release|x64
		{6CAA5BE3-E6EF-45C1-BE41-128843148995}.Release|x64.ActiveCfg = Release|x64
		{6CAA5BE3-E6EF-45C1-BE41-128843148995}.Release|x64.Build.0 = Release|x64
		{6CAA5BE3-E6EF-45C1-BE41-128843148995}.Release|x86.ActiveCfg = Release|Win32
		{6CAA5BE3-E6EF-45C1-BE41-128843148995}.Release|x86.Build.0 = Release|Win32
		{C77DF000-2049-4EBA-BC29-FF3B3D4B5E32}.Debug|Any CPU.ActiveCfg = Debug|x64
		{C77DF000-2049-4EBA-BC29-FF3B3D4B5E32}.Debug|Any CPU.Build.0 = Debug|x64
		{C77DF000-2049-4EBA-BC29-FF3B3D4B5E32}.Debug|x64.ActiveCfg = Debug|x64
		{C77DF000-2049-4EBA-BC29-FF3B3D4B5E32}.Debug|x64.Build.0 = Debug|x64
		{C77DF000-2049-4EBA-BC29-FF3B3D4B5E32}.Debug|x86.ActiveCfg = Debug|Win32
		{C77DF000-2049-4EBA-BC29-FF3B3D4B5E32}.Debug|x86.Build.0 = Debug|Win32
		{C77DF000-2049-4EBA-BC29-FF3B3D4B5E32}.Release|Any CPU.ActiveCfg = Release|x64
		{C77DF000-2049-4EBA-BC29-FF3B3D4B5E32}.Release|Any CPU.Build.0 = Release|x64
		{C77DF000-2049-4EBA-BC29-FF3B3D4B5E32}.Release|x64.ActiveCfg = Release|x64
		{C77DF000-2049-4EBA-BC29-FF3B3D4B5E32}.Release|x64.Build.0 = Release|x64
		{C77DF000-2049-4EBA-BC29-FF3B3D4B5E32}.Release|x86.ActiveCfg = Release|Win32
		{C77DF000-2049-4EBA-BC29-FF3B3D4B5E32}.Release|x86.Build.0 = Release|Win32
		{0069FC43-239A-48C2-9567-D2696758A462}.Debug|Any CPU.ActiveCfg = Debug|x64
		{0069FC43-239A-48C2-9567-D2696758A462}.Debug|Any CPU.Build.0 = Debug|x64
		{0069FC43-239A-48C2-9567-D2696758A462}.Debug|x64.ActiveCfg = Debug|x64
		{0069FC43-239A-48C2-9567-D2696758A462}.Debug|x64.Build.0 = Debug|x64
		{0069FC43-239A-48C2-9567-D2696758A462}.Debug|x86.ActiveCfg = Debug|Win32
		{0069FC43-239A-48C2-9567-D2696758A462}.Debug|x86.Build.0 = Debug|Win32
		{0069FC43-239A-48C2-9567-D2696758A462}.Release|Any CPU.ActiveCfg = Release|x64
		{0069FC43-239A-48C2-9567-D2696758A462}.Release|Any CPU.Build.0 = Release|x64
		{0069FC43-239A-48C2-9567-D2696758A462}.Release|x64.ActiveCfg = Release|x64
		{0069FC43-239A-48C2-9567-D2696758A462}.Release|x64.Build.0 = Release|x64
		{0069FC43-239A-48C2-9567-D2696758A462}.Release|x86.ActiveCfg = Release|Win32
		{0069FC43-239A-48C2-9567-D2696758A462}.Release|x86.Build.0 = Release|Win32
		{36BCCE94-9758-4939-88D6-1F2E303BE66B}.Debug|Any CPU.ActiveCfg = Debug|x64
		{36BCCE94-9758-4939-88D6-1F2E303BE66B}.Debug|Any CPU.Build.0 = Debug|x64
		{36BCCE94-9758-4939-88D6-1F2E303BE66B}.Debug|x64.ActiveCfg = Debug|x64
		{36BCCE94-9758-4939-88D6-1F2E303BE66B}.Debug|x64.Build.0 = Debug|x64
		{36BCCE94-9758-4939-88D6-1F2E303BE66B}.Debug|x86.ActiveCfg = Debug|Win32
		{36BCCE94-9758-4939-88D6-1F2E303BE66B}.Debug|x86.Build.0 = Debug|Win32
		{36BCCE94-9758-4939-88D6-1F2E303BE66B}.Release|Any CPU.ActiveCfg = Release|x64
		{36BCCE94-9758-4939-88D6-1F2E303BE66B}.Release|Any CPU.Build.0 = Release|x64
		{36BCCE94-9758-4939-88D6-1F2E303BE66B}.Release|x64.ActiveCfg = Release|x64
		{36BCCE94-9758-4939-88D6-1F2E303BE66B}.Release|x64.Build.0 = Release|x64
		{36BCCE94-9758-4939-88D6-1F2E303BE66B}.Release|x86.ActiveCfg = Release|Win32
		{36BCCE94-9758-4939-88D6-1F2E303BE66B}.Release|x86.Build.0 = Release|Win32
		{86EAEFF0-B226-40BE-9A6A-C6729FFF1052}.Debug|Any CPU.ActiveCfg = Debug|x64
		{86EAEFF0-B226-40BE-9A6A-C6729FFF1052}.Debug|Any CPU.Build.0 = Debug|x64
		{86EAEFF0-B226-40BE-9A6A-C6729FFF1052}.Debug|x64.ActiveCfg = Debug|x64
		{86EAEFF0-B226-40BE-9A6A-C6729FFF1052}.Debug|x64.Build.0 = Debug|x64
		{86EAEFF0-B226-40BE-9A6A-C6729FFF1052}.Debug|x86.ActiveCfg = Debug|Win32
		{86EAEFF0-B226-40BE-9A6A-C6729FFF1052}.Debug|x86.Build.0 = Debug|Win32
		{86EAEFF0-B226-40BE-9A6A-C6729FFF1052}.Release|Any CPU.ActiveCfg = Release|x64
		{86EAEFF0-B226-40BE-9A6A-C6729FFF1052}.Release|Any CPU.Build.0 = Release|x64
		{86EAEFF0-B226-40BE-9A6A-C6729FFF1052}.Release|x64.ActiveCfg = Release|x64
		{86EAEFF0-B226-40BE-9A6A-C6729FFF1052}.Release|x64.Build.0 = Release|x64
		{86EAEFF0-B226-40BE-9A6A-C6729FFF1052}.Release|x86.ActiveCfg = Release|Win32
		{86EAEFF0-B226-40BE-9A6A-C6729FFF1052}.Release|x86.Build.0 = Release|Win32
		{82309B2C-D209-41FC-B6E6-E7563E9521B4}.Debug|Any CPU.ActiveCfg = Debug|Any CPU
		{82309B2C-D209-41FC-B6E6-E7563E9521B4}.Debug|Any CPU.Build.0 = Debug|Any CPU
		{82309B2C-D209-41FC-B6E6-E7563E9521B4}.Debug|x64.ActiveCfg = Debug|Any CPU
		{82309B2C-D209-41FC-B6E6-E7563E9521B4}.Debug|x64.Build.0 = Debug|Any CPU
		{82309B2C-D209-41FC-B6E6-E7563E9521B4}.Debug|x86.ActiveCfg = Debug|Any CPU
		{82309B2C-D209-41FC-B6E6-E7563E9521B4}.Debug|x86.Build.0 = Debug|Any CPU
		{82309B2C-D209-41FC-B6E6-E7563E9521B4}.Release|Any CPU.ActiveCfg = Release|Any CPU
		{82309B2C-D209-41FC-B6E6-E7563E9521B4}.Release|Any CPU.Build.0 = Release|Any CPU
		{82309B2C-D209-41FC-B6E6-E7563E9521B4}.Release|x64.ActiveCfg = Release|Any CPU
		{82309B2C-D209-41FC-B6E6-E7563E9521B4}.Release|x64.Build.0 = Release|Any CPU
		{82309B2C-D209-41FC-B6E6-E7563E9521B4}.Release|x86.ActiveCfg = Release|Any CPU
		{82309B2C-D209-41FC-B6E6-E7563E9521B4}.Release|x86.Build.0 = Release|Any CPU
	EndGlobalSection
	GlobalSection(SolutionProperties) = preSolution
		HideSolutionNode = FALSE
	EndGlobalSection
	GlobalSection(ExtensibilityGlobals) = postSolution
		SolutionGuid = {766E5459-6F68-45A2-A89D-3AD828BB5DC0}
	EndGlobalSection
EndGlobal
